
Microsoft Visual Studio Solution File, Format Version 12.00
# Visual Studio Version 16
VisualStudioVersion = 16.0.32126.315
MinimumVisualStudioVersion = 10.0.40219.1
Project("{FAE04EC0-301F-11D3-BF4B-00C04F79EFBC}") = "TheTravelGem", "TheTravelGem\TheTravelGem.csproj", "{96DBEB77-2DCA-4B2E-850F-8AAAB1BB0A45}"
EndProject
Global
	GlobalSection(SolutionConfigurationPlatforms) = preSolution
		Debug|Any CPU = Debug|Any CPU
		Release|Any CPU = Release|Any CPU
	EndGlobalSection
	GlobalSection(ProjectConfigurationPlatforms) = postSolution
		{96DBEB77-2DCA-4B2E-850F-8AAAB1BB0A45}.Debug|Any CPU.ActiveCfg = Debug|Any CPU
		{96DBEB77-2DCA-4B2E-850F-8AAAB1BB0A45}.Debug|Any CPU.Build.0 = Debug|Any CPU
		{96DBEB77-2DCA-4B2E-850F-8AAAB1BB0A45}.Release|Any CPU.ActiveCfg = Release|Any CPU
		{96DBEB77-2DCA-4B2E-850F-8AAAB1BB0A45}.Release|Any CPU.Build.0 = Release|Any CPU
	EndGlobalSection
	GlobalSection(SolutionProperties) = preSolution
		HideSolutionNode = FALSE
	EndGlobalSection
	GlobalSection(ExtensibilityGlobals) = postSolution
		SolutionGuid = {793CF665-9A94-4A6E-8E4B-CE563C0D30C0}
	EndGlobalSection
EndGlobal
